PODS:
  - Alamofire (5.6.2)
  - FacilCustomApp (0.0.4):
    - Alamofire (~> 5.4)
    - SDWebImage (~> 5.0)
  - SDWebImage (5.13.4):
    - SDWebImage/Core (= 5.13.4)
  - SDWebImage/Core (5.13.4)

DEPENDENCIES:
  - FacilCustomApp (from `/Users/arturoventura/outCloud/tests/FacilCustomApp/FacilCustomApp`)

SPEC REPOS:
  trunk:
    - Alamofire
    - SDWebImage

EXTERNAL SOURCES:
  FacilCustomApp:
    :path: "/Users/arturoventura/outCloud/tests/FacilCustomApp/FacilCustomApp"

SPEC CHECKSUMS:
  Alamofire: d368e1ff8a298e6dde360e35a3e68e6c610e7204
  FacilCustomApp: da3f346a65f9a9e6127359e0e5159cd0ee266078
  SDWebImage: e5cc87bf736e60f49592f307bdf9e157189298a3

PODFILE CHECKSUM: 5b2bbe482f09536657e8c069d40699aa736324ea

COCOAPODS: 1.11.3
